
Microsoft Visual Studio Solution File, Format Version 12.00
# Visual Studio Version 17
VisualStudioVersion = 17.7.34221.43
MinimumVisualStudioVersion = 10.0.40219.1
Project("{9A19103F-16F7-4668-BE54-9A1E7A4F7556}") = "PedidosAPI", "PedidosAPI\PedidosAPI.csproj", "{F7CEAA64-A6FA-4426-AA9F-A0C4E510878C}"
EndProject
Project("{FAE04EC0-301F-11D3-BF4B-00C04F79EFBC}") = "PedidosWeb", "PedidosWeb\PedidosWeb.csproj", "{49957386-B222-4E86-A222-5CA036F39DAD}"
EndProject
Global
	GlobalSection(SolutionConfigurationPlatforms) = preSolution
		Debug|Any CPU = Debug|Any CPU
		Release|Any CPU = Release|Any CPU
	EndGlobalSection
	GlobalSection(ProjectConfigurationPlatforms) = postSolution
		{F7CEAA64-A6FA-4426-AA9F-A0C4E510878C}.Debug|Any CPU.ActiveCfg = Debug|Any CPU
		{F7CEAA64-A6FA-4426-AA9F-A0C4E510878C}.Debug|Any CPU.Build.0 = Debug|Any CPU
		{F7CEAA64-A6FA-4426-AA9F-A0C4E510878C}.Release|Any CPU.ActiveCfg = Release|Any CPU
		{F7CEAA64-A6FA-4426-AA9F-A0C4E510878C}.Release|Any CPU.Build.0 = Release|Any CPU
		{49957386-B222-4E86-A222-5CA036F39DAD}.Debug|Any CPU.ActiveCfg = Debug|Any CPU
		{49957386-B222-4E86-A222-5CA036F39DAD}.Debug|Any CPU.Build.0 = Debug|Any CPU
		{49957386-B222-4E86-A222-5CA036F39DAD}.Release|Any CPU.ActiveCfg = Release|Any CPU
		{49957386-B222-4E86-A222-5CA036F39DAD}.Release|Any CPU.Build.0 = Release|Any CPU
	EndGlobalSection
	GlobalSection(SolutionProperties) = preSolution
		HideSolutionNode = FALSE
	EndGlobalSection
	GlobalSection(ExtensibilityGlobals) = postSolution
		SolutionGuid = {11B8A600-000F-46B0-B73F-C3D5E6BC8D4A}
	EndGlobalSection
EndGlobal
